// !$*UTF8*$!
{
	archiveVersion = 1;
	classes = {
	};
	objectVersion = 50;
	objects = {

/* Begin PBXBuildFile section */
		31E5814B250BCEA5000BFD79 /* AppDelegate.swift in Sources */ = {isa = PBXBuildFile; fileRef = 31E5814A250BCEA5000BFD79 /* AppDelegate.swift */; };
		31E5814D250BCEA5000BFD79 /* SceneDelegate.swift in Sources */ = {isa = PBXBuildFile; fileRef = 31E5814C250BCEA5000BFD79 /* SceneDelegate.swift */; };
		31E5814F250BCEA5000BFD79 /* ViewController.swift in Sources */ = {isa = PBXBuildFile; fileRef = 31E5814E250BCEA5000BFD79 /* ViewController.swift */; };
		31E58152250BCEA5000BFD79 /* Main.storyboard in Resources */ = {isa = PBXBuildFile; fileRef = 31E58150250BCEA5000BFD79 /* Main.storyboard */; };
		31E58154250BCEA7000BFD79 /* Assets.xcassets in Resources */ = {isa = PBXBuildFile; fileRef = 31E58153250BCEA7000BFD79 /* Assets.xcassets */; };
		31E58157250BCEA7000BFD79 /* LaunchScreen.storyboard in Resources */ = {isa = PBXBuildFile; fileRef = 31E58155250BCEA7000BFD79 /* LaunchScreen.storyboard */; };
		31E58162250BCEA7000BFD79 /* StampTests.swift in Sources */ = {isa = PBXBuildFile; fileRef = 31E58161250BCEA7000BFD79 /* StampTests.swift */; };
		31E5816D250BCEA7000BFD79 /* StampUITests.swift in Sources */ = {isa = PBXBuildFile; fileRef = 31E5816C250BCEA7000BFD79 /* StampUITests.swift */; };
		31E58180250BCF74000BFD79 /* hana.png in Resources */ = {isa = PBXBuildFile; fileRef = 31E5817B250BCF74000BFD79 /* hana.png */; };
		31E58181250BCF74000BFD79 /* onpu.png in Resources */ = {isa = PBXBuildFile; fileRef = 31E5817C250BCF74000BFD79 /* onpu.png */; };
		31E58182250BCF74000BFD79 /* hoshi.png in Resources */ = {isa = PBXBuildFile; fileRef = 31E5817D250BCF74000BFD79 /* hoshi.png */; };
		31E58183250BCF74000BFD79 /* background.png in Resources */ = {isa = PBXBuildFile; fileRef = 31E5817E250BCF74000BFD79 /* background.png */; };
		31E58184250BCF74000BFD79 /* shitumon.png in Resources */ = {isa = PBXBuildFile; fileRef = 31E5817F250BCF74000BFD79 /* shitumon.png */; };
/* End PBXBuildFile section */

/* Begin PBXContainerItemProxy section */
		31E5815E250BCEA7000BFD79 /* PBXContainerItemProxy */ = {
			isa = PBXContainerItemProxy;
			containerPortal = 31E5813F250BCEA5000BFD79 /* Project object */;
			proxyType = 1;
			remoteGlobalIDString = 31E58146250BCEA5000BFD79;
			remoteInfo = Stamp;
		};
		31E58169250BCEA7000BFD79 /* PBXContainerItemProxy */ = {
			isa = PBXContainerItemProxy;
			containerPortal = 31E5813F250BCEA5000BFD79 /* Project object */;
			proxyType = 1;
			remoteGlobalIDString = 31E58146250BCEA5000BFD79;
			remoteInfo = Stamp;
		};
/* End PBXContainerItemProxy section */

/* Begin PBXFileReference section */
		31E58147250BCEA5000BFD79 /* Stamp.app */ = {isa = PBXFileReference; explicitFileType = wrapper.application; includeInIndex = 0; path = Stamp.app; sourceTree = BUILT_PRODUCTS_DIR; };
		31E5814A250BCEA5000BFD79 /* AppDelegate.swift */ = {isa = PBXFileReference; lastKnownFileType = sourcecode.swift; path = AppDelegate.swift; sourceTree = "<group>"; };
		31E5814C250BCEA5000BFD79 /* SceneDelegate.swift */ = {isa = PBXFileReference; lastKnownFileType = sourcecode.swift; path = SceneDelegate.swift; sourceTree = "<group>"; };
		31E5814E250BCEA5000BFD79 /* ViewController.swift */ = {isa = PBXFileReference; lastKnownFileType = sourcecode.swift; path = ViewController.swift; sourceTree = "<group>"; };
		31E58151250BCEA5000BFD79 /* Base */ = {isa = PBXFileReference; lastKnownFileType = file.storyboard; name = Base; path = Base.lproj/Main.storyboard; sourceTree = "<group>"; };
		31E58153250BCEA7000BFD79 /* Assets.xcassets */ = {isa = PBXFileReference; lastKnownFileType = folder.assetcatalog; path = Assets.xcassets; sourceTree = "<group>"; };
		31E58156250BCEA7000BFD79 /* Base */ = {isa = PBXFileReference; lastKnownFileType = file.storyboard; name = Base; path = Base.lproj/LaunchScreen.storyboard; sourceTree = "<group>"; };
		31E58158250BCEA7000BFD79 /* Info.plist */ = {isa = PBXFileReference; lastKnownFileType = text.plist.xml; path = Info.plist; sourceTree = "<group>"; };
		31E5815D250BCEA7000BFD79 /* StampTests.xctest */ = {isa = PBXFileReference; explicitFileType = wrapper.cfbundle; includeInIndex = 0; path = StampTests.xctest; sourceTree = BUILT_PRODUCTS_DIR; };
		31E58161250BCEA7000BFD79 /* StampTests.swift */ = {isa = PBXFileReference; lastKnownFileType = sourcecode.swift; path = StampTests.swift; sourceTree = "<group>"; };
		31E58163250BCEA7000BFD79 /* Info.plist */ = {isa = PBXFileReference; lastKnownFileType = text.plist.xml; path = Info.plist; sourceTree = "<group>"; };
		31E58168250BCEA7000BFD79 /* StampUITests.xctest */ = {isa = PBXFileReference; explicitFileType = wrapper.cfbundle; includeInIndex = 0; path = StampUITests.xctest; sourceTree = BUILT_PRODUCTS_DIR; };
		31E5816C250BCEA7000BFD79 /* StampUITests.swift */ = {isa = PBXFileReference; lastKnownFileType = sourcecode.swift; path = StampUITests.swift; sourceTree = "<group>"; };
		31E5816E250BCEA7000BFD79 /* Info.plist */ = {isa = PBXFileReference; lastKnownFileType = text.plist.xml; path = Info.plist; sourceTree = "<group>"; };
		31E5817B250BCF74000BFD79 /* hana.png */ = {isa = PBXFileReference; lastKnownFileType = image.png; path = hana.png; sourceTree = "<group>"; };
		31E5817C250BCF74000BFD79 /* onpu.png */ = {isa = PBXFileReference; lastKnownFileType = image.png; path = onpu.png; sourceTree = "<group>"; };
		31E5817D250BCF74000BFD79 /* hoshi.png */ = {isa = PBXFileReference; lastKnownFileType = image.png; path = hoshi.png; sourceTree = "<group>"; };
		31E5817E250BCF74000BFD79 /* background.png */ = {isa = PBXFileReference; lastKnownFileType = image.png; path = background.png; sourceTree = "<group>"; };
		31E5817F250BCF74000BFD79 /* shitumon.png */ = {isa = PBXFileReference; lastKnownFileType = image.png; path = shitumon.png; sourceTree = "<group>"; };
/* End PBXFileReference section */

/* Begin PBXFrameworksBuildPhase section */
		31E58144250BCEA5000BFD79 /* Frameworks */ = {
			isa = PBXFrameworksBuildPhase;
			buildActionMask = 2147483647;
			files = (
			);
			runOnlyForDeploymentPostprocessing = 0;
		};
		31E5815A250BCEA7000BFD79 /* Frameworks */ = {
			isa = PBXFrameworksBuildPhase;
			buildActionMask = 2147483647;
			files = (
			);
			runOnlyForDeploymentPostprocessing = 0;
		};
		31E58165250BCEA7000BFD79 /* Frameworks */ = {
			isa = PBXFrameworksBuildPhase;
			buildActionMask = 2147483647;
			files = (
			);
			runOnlyForDeploymentPostprocessing = 0;
		};
/* End PBXFrameworksBuildPhase section */

/* Begin PBXGroup section */
		31E5813E250BCEA5000BFD79 = {
			isa = PBXGroup;
			children = (
				31E58149250BCEA5000BFD79 /* Stamp */,
				31E58160250BCEA7000BFD79 /* StampTests */,
				31E5816B250BCEA7000BFD79 /* StampUITests */,
				31E58148250BCEA5000BFD79 /* Products */,
			);
			sourceTree = "<group>";
		};
		31E58148250BCEA5000BFD79 /* Products */ = {
			isa = PBXGroup;
			children = (
				31E58147250BCEA5000BFD79 /* Stamp.app */,
				31E5815D250BCEA7000BFD79 /* StampTests.xctest */,
				31E58168250BCEA7000BFD79 /* StampUITests.xctest */,
			);
			name = Products;
			sourceTree = "<group>";
		};
		31E58149250BCEA5000BFD79 /* Stamp */ = {
			isa = PBXGroup;
			children = (
				31E5817A250BCF74000BFD79 /* Stamp素材 */,
				31E5814A250BCEA5000BFD79 /* AppDelegate.swift */,
				31E5814C250BCEA5000BFD79 /* SceneDelegate.swift */,
				31E5814E250BCEA5000BFD79 /* ViewController.swift */,
				31E58150250BCEA5000BFD79 /* Main.storyboard */,
				31E58153250BCEA7000BFD79 /* Assets.xcassets */,
				31E58155250BCEA7000BFD79 /* LaunchScreen.storyboard */,
				31E58158250BCEA7000BFD79 /* Info.plist */,
			);
			path = Stamp;
			sourceTree = "<group>";
		};
		31E58160250BCEA7000BFD79 /* StampTests */ = {
			isa = PBXGroup;
			children = (
				31E58161250BCEA7000BFD79 /* StampTests.swift */,
				31E58163250BCEA7000BFD79 /* Info.plist */,
			);
			path = StampTests;
			sourceTree = "<group>";
		};
		31E5816B250BCEA7000BFD79 /* StampUITests */ = {
			isa = PBXGroup;
			children = (
				31E5816C250BCEA7000BFD79 /* StampUITests.swift */,
				31E5816E250BCEA7000BFD79 /* Info.plist */,
			);
			path = StampUITests;
			sourceTree = "<group>";
		};
		31E5817A250BCF74000BFD79 /* Stamp素材 */ = {
			isa = PBXGroup;
			children = (
				31E5817B250BCF74000BFD79 /* hana.png */,
				31E5817C250BCF74000BFD79 /* onpu.png */,
				31E5817D250BCF74000BFD79 /* hoshi.png */,
				31E5817E250BCF74000BFD79 /* background.png */,
				31E5817F250BCF74000BFD79 /* shitumon.png */,
			);
			path = "Stamp素材";
			sourceTree = "<group>";
		};
/* End PBXGroup section */

/* Begin PBXNativeTarget section */
		31E58146250BCEA5000BFD79 /* Stamp */ = {
			isa = PBXNativeTarget;
			buildConfigurationList = 31E58171250BCEA7000BFD79 /* Build configuration list for PBXNativeTarget "Stamp" */;
			buildPhases = (
				31E58143250BCEA5000BFD79 /* Sources */,
				31E58144250BCEA5000BFD79 /* Frameworks */,
				31E58145250BCEA5000BFD79 /* Resources */,
			);
			buildRules = (
			);
			dependencies = (
			);
			name = Stamp;
			productName = Stamp;
			productReference = 31E58147250BCEA5000BFD79 /* Stamp.app */;
			productType = "com.apple.product-type.application";
		};
		31E5815C250BCEA7000BFD79 /* StampTests */ = {
			isa = PBXNativeTarget;
			buildConfigurationList = 31E58174250BCEA7000BFD79 /* Build configuration list for PBXNativeTarget "StampTests" */;
			buildPhases = (
				31E58159250BCEA7000BFD79 /* Sources */,
				31E5815A250BCEA7000BFD79 /* Frameworks */,
				31E5815B250BCEA7000BFD79 /* Resources */,
			);
			buildRules = (
			);
			dependencies = (
				31E5815F250BCEA7000BFD79 /* PBXTargetDependency */,
			);
			name = StampTests;
			productName = StampTests;
			productReference = 31E5815D250BCEA7000BFD79 /* StampTests.xctest */;
			productType = "com.apple.product-type.bundle.unit-test";
		};
		31E58167250BCEA7000BFD79 /* StampUITests */ = {
			isa = PBXNativeTarget;
			buildConfigurationList = 31E58177250BCEA7000BFD79 /* Build configuration list for PBXNativeTarget "StampUITests" */;
			buildPhases = (
				31E58164250BCEA7000BFD79 /* Sources */,
				31E58165250BCEA7000BFD79 /* Frameworks */,
				31E58166250BCEA7000BFD79 /* Resources */,
			);
			buildRules = (
			);
			dependencies = (
				31E5816A250BCEA7000BFD79 /* PBXTargetDependency */,
			);
			name = StampUITests;
			productName = StampUITests;
			productReference = 31E58168250BCEA7000BFD79 /* StampUITests.xctest */;
			productType = "com.apple.product-type.bundle.ui-testing";
		};
/* End PBXNativeTarget section */

/* Begin PBXProject section */
		31E5813F250BCEA5000BFD79 /* Project object */ = {
			isa = PBXProject;
			attributes = {
				LastSwiftUpdateCheck = 1170;
				LastUpgradeCheck = 1170;
				ORGANIZATIONNAME = com.litech;
				TargetAttributes = {
					31E58146250BCEA5000BFD79 = {
						CreatedOnToolsVersion = 11.7;
					};
					31E5815C250BCEA7000BFD79 = {
						CreatedOnToolsVersion = 11.7;
						TestTargetID = 31E58146250BCEA5000BFD79;
					};
					31E58167250BCEA7000BFD79 = {
						CreatedOnToolsVersion = 11.7;
						TestTargetID = 31E58146250BCEA5000BFD79;
					};
				};
			};
			buildConfigurationList = 31E58142250BCEA5000BFD79 /* Build configuration list for PBXProject "Stamp" */;
			compatibilityVersion = "Xcode 9.3";
			developmentRegion = en;
			hasScannedForEncodings = 0;
			knownRegions = (
				en,
				Base,
			);
			mainGroup = 31E5813E250BCEA5000BFD79;
			productRefGroup = 31E58148250BCEA5000BFD79 /* Products */;
			projectDirPath = "";
			projectRoot = "";
			targets = (
				31E58146250BCEA5000BFD79 /* Stamp */,
				31E5815C250BCEA7000BFD79 /* StampTests */,
				31E58167250BCEA7000BFD79 /* StampUITests */,
			);
		};
/* End PBXProject section */

/* Begin PBXResourcesBuildPhase section */
		31E58145250BCEA5000BFD79 /* Resources */ = {
			isa = PBXResourcesBuildPhase;
			buildActionMask = 2147483647;
			files = (
				31E58157250BCEA7000BFD79 /* LaunchScreen.storyboard in Resources */,
				31E58182250BCF74000BFD79 /* hoshi.png in Resources */,
				31E58183250BCF74000BFD79 /* background.png in Resources */,
				31E58181250BCF74000BFD79 /* onpu.png in Resources */,
				31E58154250BCEA7000BFD79 /* Assets.xcassets in Resources */,
				31E58152250BCEA5000BFD79 /* Main.storyboard in Resources */,
				31E58184250BCF74000BFD79 /* shitumon.png in Resources */,
				31E58180250BCF74000BFD79 /* hana.png in Resources */,
			);
			runOnlyForDeploymentPostprocessing = 0;
		};
		31E5815B250BCEA7000BFD79 /* Resources */ = {
			isa = PBXResourcesBuildPhase;
			buildActionMask = 2147483647;
			files = (
			);
			runOnlyForDeploymentPostprocessing = 0;
		};
		31E58166250BCEA7000BFD79 /* Resources */ = {
			isa = PBXResourcesBuildPhase;
			buildActionMask = 2147483647;
			files = (
			);
			runOnlyForDeploymentPostprocessing = 0;
		};
/* End PBXResourcesBuildPhase section */

/* Begin PBXSourcesBuildPhase section */
		31E58143250BCEA5000BFD79 /* Sources */ = {
			isa = PBXSourcesBuildPhase;
			buildActionMask = 2147483647;
			files = (
				31E5814F250BCEA5000BFD79 /* ViewController.swift in Sources */,
				31E5814B250BCEA5000BFD79 /* AppDelegate.swift in Sources */,
				31E5814D250BCEA5000BFD79 /* SceneDelegate.swift in Sources */,
			);
			runOnlyForDeploymentPostprocessing = 0;
		};
		31E58159250BCEA7000BFD79 /* Sources */ = {
			isa = PBXSourcesBuildPhase;
			buildActionMask = 2147483647;
			files = (
				31E58162250BCEA7000BFD79 /* StampTests.swift in Sources */,
			);
			runOnlyForDeploymentPostprocessing = 0;
		};
		31E58164250BCEA7000BFD79 /* Sources */ = {
			isa = PBXSourcesBuildPhase;
			buildActionMask = 2147483647;
			files = (
				31E5816D250BCEA7000BFD79 /* StampUITests.swift in Sources */,
			);
			runOnlyForDeploymentPostprocessing = 0;
		};
/* End PBXSourcesBuildPhase section */

/* Begin PBXTargetDependency section */
		31E5815F250BCEA7000BFD79 /* PBXTargetDependency */ = {
			isa = PBXTargetDependency;
			target = 31E58146250BCEA5000BFD79 /* Stamp */;
			targetProxy = 31E5815E250BCEA7000BFD79 /* PBXContainerItemProxy */;
		};
		31E5816A250BCEA7000BFD79 /* PBXTargetDependency */ = {
			isa = PBXTargetDependency;
			target = 31E58146250BCEA5000BFD79 /* Stamp */;
			targetProxy = 31E58169250BCEA7000BFD79 /* PBXContainerItemProxy */;
		};
/* End PBXTargetDependency section */

/* Begin PBXVariantGroup section */
		31E58150250BCEA5000BFD79 /* Main.storyboard */ = {
			isa = PBXVariantGroup;
			children = (
				31E58151250BCEA5000BFD79 /* Base */,
			);
			name = Main.storyboard;
			sourceTree = "<group>";
		};
		31E58155250BCEA7000BFD79 /* LaunchScreen.storyboard */ = {
			isa = PBXVariantGroup;
			children = (
				31E58156250BCEA7000BFD79 /* Base */,
			);
			name = LaunchScreen.storyboard;
			sourceTree = "<group>";
		};
/* End PBXVariantGroup section */

/* Begin XCBuildConfiguration section */
		31E5816F250BCEA7000BFD79 /* Debug */ = {
			isa = XCBuildConfiguration;
			buildSettings = {
				ALWAYS_SEARCH_USER_PATHS = NO;
				CLANG_ANALYZER_NONNULL = YES;
				CLANG_ANALYZER_NUMBER_OBJECT_CONVERSION = YES_AGGRESSIVE;
				CLANG_CXX_LANGUAGE_STANDARD = "gnu++14";
				CLANG_CXX_LIBRARY = "libc++";
				CLANG_ENABLE_MODULES = YES;
				CLANG_ENABLE_OBJC_ARC = YES;
				CLANG_ENABLE_OBJC_WEAK = YES;
				CLANG_WARN_BLOCK_CAPTURE_AUTORELEASING = YES;
				CLANG_WARN_BOOL_CONVERSION = YES;
				CLANG_WARN_COMMA = YES;
				CLANG_WARN_CONSTANT_CONVERSION = YES;
				CLANG_WARN_DEPRECATED_OBJC_IMPLEMENTATIONS = YES;
				CLANG_WARN_DIRECT_OBJC_ISA_USAGE = YES_ERROR;
				CLANG_WARN_DOCUMENTATION_COMMENTS = YES;
				CLANG_WARN_EMPTY_BODY = YES;
				CLANG_WARN_ENUM_CONVERSION = YES;
				CLANG_WARN_INFINITE_RECURSION = YES;
				CLANG_WARN_INT_CONVERSION = YES;
				CLANG_WARN_NON_LITERAL_NULL_CONVERSION = YES;
				CLANG_WARN_OBJC_IMPLICIT_RETAIN_SELF = YES;
				CLANG_WARN_OBJC_LITERAL_CONVERSION = YES;
				CLANG_WARN_OBJC_ROOT_CLASS = YES_ERROR;
				CLANG_WARN_RANGE_LOOP_ANALYSIS = YES;
				CLANG_WARN_STRICT_PROTOTYPES = YES;
				CLANG_WARN_SUSPICIOUS_MOVE = YES;
				CLANG_WARN_UNGUARDED_AVAILABILITY = YES_AGGRESSIVE;
				CLANG_WARN_UNREACHABLE_CODE = YES;
				CLANG_WARN__DUPLICATE_METHOD_MATCH = YES;
				COPY_PHASE_STRIP = NO;
				DEBUG_INFORMATION_FORMAT = dwarf;
				ENABLE_STRICT_OBJC_MSGSEND = YES;
				ENABLE_TESTABILITY = YES;
				GCC_C_LANGUAGE_STANDARD = gnu11;
				GCC_DYNAMIC_NO_PIC = NO;
				GCC_NO_COMMON_BLOCKS = YES;
				GCC_OPTIMIZATION_LEVEL = 0;
				GCC_PREPROCESSOR_DEFINITIONS = (
					"DEBUG=1",
					"$(inherited)",
				);
				GCC_WARN_64_TO_32_BIT_CONVERSION = YES;
				GCC_WARN_ABOUT_RETURN_TYPE = YES_ERROR;
				GCC_WARN_UNDECLARED_SELECTOR = YES;
				GCC_WARN_UNINITIALIZED_AUTOS = YES_AGGRESSIVE;
				GCC_WARN_UNUSED_FUNCTION = YES;
				GCC_WARN_UNUSED_VARIABLE = YES;
				IPHONEOS_DEPLOYMENT_TARGET = 13.7;
				MTL_ENABLE_DEBUG_INFO = INCLUDE_SOURCE;
				MTL_FAST_MATH = YES;
				ONLY_ACTIVE_ARCH = YES;
				SDKROOT = iphoneos;
				SWIFT_ACTIVE_COMPILATION_CONDITIONS = DEBUG;
				SWIFT_OPTIMIZATION_LEVEL = "-Onone";
			};
			name = Debug;
		};
		31E58170250BCEA7000BFD79 /* Release */ = {
			isa = XCBuildConfiguration;
			buildSettings = {
				ALWAYS_SEARCH_USER_PATHS = NO;
				CLANG_ANALYZER_NONNULL = YES;
				CLANG_ANALYZER_NUMBER_OBJECT_CONVERSION = YES_AGGRESSIVE;
				CLANG_CXX_LANGUAGE_STANDARD = "gnu++14";
				CLANG_CXX_LIBRARY = "libc++";
				CLANG_ENABLE_MODULES = YES;
				CLANG_ENABLE_OBJC_ARC = YES;
				CLANG_ENABLE_OBJC_WEAK = YES;
				CLANG_WARN_BLOCK_CAPTURE_AUTORELEASING = YES;
				CLANG_WARN_BOOL_CONVERSION = YES;
				CLANG_WARN_COMMA = YES;
				CLANG_WARN_CONSTANT_CONVERSION = YES;
				CLANG_WARN_DEPRECATED_OBJC_IMPLEMENTATIONS = YES;
				CLANG_WARN_DIRECT_OBJC_ISA_USAGE = YES_ERROR;
				CLANG_WARN_DOCUMENTATION_COMMENTS = YES;
				CLANG_WARN_EMPTY_BODY = YES;
				CLANG_WARN_ENUM_CONVERSION = YES;
				CLANG_WARN_INFINITE_RECURSION = YES;
				CLANG_WARN_INT_CONVERSION = YES;
				CLANG_WARN_NON_LITERAL_NULL_CONVERSION = YES;
				CLANG_WARN_OBJC_IMPLICIT_RETAIN_SELF = YES;
				CLANG_WARN_OBJC_LITERAL_CONVERSION = YES;
				CLANG_WARN_OBJC_ROOT_CLASS = YES_ERROR;
				CLANG_WARN_RANGE_LOOP_ANALYSIS = YES;
				CLANG_WARN_STRICT_PROTOTYPES = YES;
				CLANG_WARN_SUSPICIOUS_MOVE = YES;
				CLANG_WARN_UNGUARDED_AVAILABILITY = YES_AGGRESSIVE;
				CLANG_WARN_UNREACHABLE_CODE = YES;
				CLANG_WARN__DUPLICATE_METHOD_MATCH = YES;
				COPY_PHASE_STRIP = NO;
				DEBUG_INFORMATION_FORMAT = "dwarf-with-dsym";
				ENABLE_NS_ASSERTIONS = NO;
				ENABLE_STRICT_OBJC_MSGSEND = YES;
				GCC_C_LANGUAGE_STANDARD = gnu11;
				GCC_NO_COMMON_BLOCKS = YES;
				GCC_WARN_64_TO_32_BIT_CONVERSION = YES;
				GCC_WARN_ABOUT_RETURN_TYPE = YES_ERROR;
				GCC_WARN_UNDECLARED_SELECTOR = YES;
				GCC_WARN_UNINITIALIZED_AUTOS = YES_AGGRESSIVE;
				GCC_WARN_UNUSED_FUNCTION = YES;
				GCC_WARN_UNUSED_VARIABLE = YES;
				IPHONEOS_DEPLOYMENT_TARGET = 13.7;
				MTL_ENABLE_DEBUG_INFO = NO;
				MTL_FAST_MATH = YES;
				SDKROOT = iphoneos;
				SWIFT_COMPILATION_MODE = wholemodule;
				SWIFT_OPTIMIZATION_LEVEL = "-O";
				VALIDATE_PRODUCT = YES;
			};
			name = Release;
		};
		31E58172250BCEA7000BFD79 /* Debug */ = {
			isa = XCBuildConfiguration;
			buildSettings = {
				ASSETCATALOG_COMPILER_APPICON_NAME = AppIcon;
				CODE_SIGN_STYLE = Automatic;
				INFOPLIST_FILE = Stamp/Info.plist;
				LD_RUNPATH_SEARCH_PATHS = (
					"$(inherited)",
					"@executable_path/Frameworks",
				);
				PRODUCT_BUNDLE_IDENTIFIER = com.litech.Stamp;
				PRODUCT_NAME = "$(TARGET_NAME)";
				SWIFT_VERSION = 5.0;
				TARGETED_DEVICE_FAMILY = "1,2";
			};
			name = Debug;
		};
		31E58173250BCEA7000BFD79 /* Release */ = {
			isa = XCBuildConfiguration;
			buildSettings = {
				ASSETCATALOG_COMPILER_APPICON_NAME = AppIcon;
				CODE_SIGN_STYLE = Automatic;
				INFOPLIST_FILE = Stamp/Info.plist;
				LD_RUNPATH_SEARCH_PATHS = (
					"$(inherited)",
					"@executable_path/Frameworks",
				);
				PRODUCT_BUNDLE_IDENTIFIER = com.litech.Stamp;
				PRODUCT_NAME = "$(TARGET_NAME)";
				SWIFT_VERSION = 5.0;
				TARGETED_DEVICE_FAMILY = "1,2";
			};
			name = Release;
		};
		31E58175250BCEA7000BFD79 /* Debug */ = {
			isa = XCBuildConfiguration;
			buildSettings = {
				ALWAYS_EMBED_SWIFT_STANDARD_LIBRARIES = YES;
				BUNDLE_LOADER = "$(TEST_HOST)";
				CODE_SIGN_STYLE = Automatic;
				INFOPLIST_FILE = StampTests/Info.plist;
				IPHONEOS_DEPLOYMENT_TARGET = 13.7;
				LD_RUNPATH_SEARCH_PATHS = (
					"$(inherited)",
					"@executable_path/Frameworks",
					"@loader_path/Frameworks",
				);
				PRODUCT_BUNDLE_IDENTIFIER = com.litech.StampTests;
				PRODUCT_NAME = "$(TARGET_NAME)";
				SWIFT_VERSION = 5.0;
				TARGETED_DEVICE_FAMILY = "1,2";
				TEST_HOST = "$(BUILT_PRODUCTS_DIR)/Stamp.app/Stamp";
			};
			name = Debug;
		};
		31E58176250BCEA7000BFD79 /* Release */ = {
			isa = XCBuildConfiguration;
			buildSettings = {
				ALWAYS_EMBED_SWIFT_STANDARD_LIBRARIES = YES;
				BUNDLE_LOADER = "$(TEST_HOST)";
				CODE_SIGN_STYLE = Automatic;
				INFOPLIST_FILE = StampTests/Info.plist;
				IPHONEOS_DEPLOYMENT_TARGET = 13.7;
				LD_RUNPATH_SEARCH_PATHS = (
					"$(inherited)",
					"@executable_path/Frameworks",
					"@loader_path/Frameworks",
				);
				PRODUCT_BUNDLE_IDENTIFIER = com.litech.StampTests;
				PRODUCT_NAME = "$(TARGET_NAME)";
				SWIFT_VERSION = 5.0;
				TARGETED_DEVICE_FAMILY = "1,2";
				TEST_HOST = "$(BUILT_PRODUCTS_DIR)/Stamp.app/Stamp";
			};
			name = Release;
		};
		31E58178250BCEA7000BFD79 /* Debug */ = {
			isa = XCBuildConfiguration;
			buildSettings = {
				ALWAYS_EMBED_SWIFT_STANDARD_LIBRARIES = YES;
				CODE_SIGN_STYLE = Automatic;
				INFOPLIST_FILE = StampUITests/Info.plist;
				LD_RUNPATH_SEARCH_PATHS = (
					"$(inherited)",
					"@executable_path/Frameworks",
					"@loader_path/Frameworks",
				);
				PRODUCT_BUNDLE_IDENTIFIER = com.litech.StampUITests;
				PRODUCT_NAME = "$(TARGET_NAME)";
				SWIFT_VERSION = 5.0;
				TARGETED_DEVICE_FAMILY = "1,2";
				TEST_TARGET_NAME = Stamp;
			};
			name = Debug;
		};
		31E58179250BCEA7000BFD79 /* Release */ = {
			isa = XCBuildConfiguration;
			buildSettings = {
				ALWAYS_EMBED_SWIFT_STANDARD_LIBRARIES = YES;
				CODE_SIGN_STYLE = Automatic;
				INFOPLIST_FILE = StampUITests/Info.plist;
				LD_RUNPATH_SEARCH_PATHS = (
					"$(inherited)",
					"@executable_path/Frameworks",
					"@loader_path/Frameworks",
				);
				PRODUCT_BUNDLE_IDENTIFIER = com.litech.StampUITests;
				PRODUCT_NAME = "$(TARGET_NAME)";
				SWIFT_VERSION = 5.0;
				TARGETED_DEVICE_FAMILY = "1,2";
				TEST_TARGET_NAME = Stamp;
			};
			name = Release;
		};
/* End XCBuildConfiguration section */

/* Begin XCConfigurationList section */
		31E58142250BCEA5000BFD79 /* Build configuration list for PBXProject "Stamp" */ = {
			isa = XCConfigurationList;
			buildConfigurations = (
				31E5816F250BCEA7000BFD79 /* Debug */,
				31E58170250BCEA7000BFD79 /* Release */,
			);
			defaultConfigurationIsVisible = 0;
			defaultConfigurationName = Release;
		};
		31E58171250BCEA7000BFD79 /* Build configuration list for PBXNativeTarget "Stamp" */ = {
			isa = XCConfigurationList;
			buildConfigurations = (
				31E58172250BCEA7000BFD79 /* Debug */,
				31E58173250BCEA7000BFD79 /* Release */,
			);
			defaultConfigurationIsVisible = 0;
			defaultConfigurationName = Release;
		};
		31E58174250BCEA7000BFD79 /* Build configuration list for PBXNativeTarget "StampTests" */ = {
			isa = XCConfigurationList;
			buildConfigurations = (
				31E58175250BCEA7000BFD79 /* Debug */,
				31E58176250BCEA7000BFD79 /* Release */,
			);
			defaultConfigurationIsVisible = 0;
			defaultConfigurationName = Release;
		};
		31E58177250BCEA7000BFD79 /* Build configuration list for PBXNativeTarget "StampUITests" */ = {
			isa = XCConfigurationList;
			buildConfigurations = (
				31E58178250BCEA7000BFD79 /* Debug */,
				31E58179250BCEA7000BFD79 /* Release */,
			);
			defaultConfigurationIsVisible = 0;
			defaultConfigurationName = Release;
		};
/* End XCConfigurationList section */
	};
	rootObject = 31E5813F250BCEA5000BFD79 /* Project object */;
}
